
Microsoft Visual Studio Solution File, Format Version 12.00
# Visual Studio 15
VisualStudioVersion = 15.0.28307.572
MinimumVisualStudioVersion = 10.0.40219.1
Project("{FAE04EC0-301F-11D3-BF4B-00C04F79EFBC}") = "kirillesson", "kirillesson\kirillesson.csproj", "{28C0B09E-E48A-4612-9989-682F690AFDDE}"
EndProject
Project("{FAE04EC0-301F-11D3-BF4B-00C04F79EFBC}") = "PeopleMove", "PeopleMove\PeopleMove.csproj", "{5C88F26D-C47E-48B9-8418-51CE3050C9EB}"
EndProject
Project("{FAE04EC0-301F-11D3-BF4B-00C04F79EFBC}") = "Fibonacci", "Fibonacci\Fibonacci.csproj", "{72707962-359D-4636-8335-D252F21C4526}"
EndProject
Global
	GlobalSection(SolutionConfigurationPlatforms) = preSolution
		Debug|Any CPU = Debug|Any CPU
		Release|Any CPU = Release|Any CPU
	EndGlobalSection
	GlobalSection(ProjectConfigurationPlatforms) = postSolution
		{28C0B09E-E48A-4612-9989-682F690AFDDE}.Debug|Any CPU.ActiveCfg = Debug|Any CPU
		{28C0B09E-E48A-4612-9989-682F690AFDDE}.Debug|Any CPU.Build.0 = Debug|Any CPU
		{28C0B09E-E48A-4612-9989-682F690AFDDE}.Release|Any CPU.ActiveCfg = Release|Any CPU
		{28C0B09E-E48A-4612-9989-682F690AFDDE}.Release|Any CPU.Build.0 = Release|Any CPU
		{5C88F26D-C47E-48B9-8418-51CE3050C9EB}.Debug|Any CPU.ActiveCfg = Debug|Any CPU
		{5C88F26D-C47E-48B9-8418-51CE3050C9EB}.Debug|Any CPU.Build.0 = Debug|Any CPU
		{5C88F26D-C47E-48B9-8418-51CE3050C9EB}.Release|Any CPU.ActiveCfg = Release|Any CPU
		{5C88F26D-C47E-48B9-8418-51CE3050C9EB}.Release|Any CPU.Build.0 = Release|Any CPU
		{72707962-359D-4636-8335-D252F21C4526}.Debug|Any CPU.ActiveCfg = Debug|Any CPU
		{72707962-359D-4636-8335-D252F21C4526}.Debug|Any CPU.Build.0 = Debug|Any CPU
		{72707962-359D-4636-8335-D252F21C4526}.Release|Any CPU.ActiveCfg = Release|Any CPU
		{72707962-359D-4636-8335-D252F21C4526}.Release|Any CPU.Build.0 = Release|Any CPU
	EndGlobalSection
	GlobalSection(SolutionProperties) = preSolution
		HideSolutionNode = FALSE
	EndGlobalSection
	GlobalSection(ExtensibilityGlobals) = postSolution
		SolutionGuid = {449EFCD3-86E4-41CF-BAC2-C6056A42F5B8}
	EndGlobalSection
EndGlobal
